
Microsoft Visual Studio Solution File, Format Version 12.00
# Visual Studio Version 17
VisualStudioVersion = 17.2.32516.85
MinimumVisualStudioVersion = 10.0.40219.1
Project("{9A19103F-16F7-4668-BE54-9A1E7A4F7556}") = "TU Challenge", "TU Challenge\TU Challenge.csproj", "{92A7F623-776C-43B0-99DF-12661CD46D28}"
EndProject
Project("{FAE04EC0-301F-11D3-BF4B-00C04F79EFBC}") = "TU Challenge.Tests", "TU Challenge.Tests\TU Challenge.Tests.csproj", "{0622F004-9151-4B1D-BB4F-76674EC3B4AE}"
EndProject
Global
	GlobalSection(SolutionConfigurationPlatforms) = preSolution
		Debug|Any CPU = Debug|Any CPU
		Release|Any CPU = Release|Any CPU
	EndGlobalSection
	GlobalSection(ProjectConfigurationPlatforms) = postSolution
		{92A7F623-776C-43B0-99DF-12661CD46D28}.Debug|Any CPU.ActiveCfg = Debug|Any CPU
		{92A7F623-776C-43B0-99DF-12661CD46D28}.Debug|Any CPU.Build.0 = Debug|Any CPU
		{92A7F623-776C-43B0-99DF-12661CD46D28}.Release|Any CPU.ActiveCfg = Release|Any CPU
		{92A7F623-776C-43B0-99DF-12661CD46D28}.Release|Any CPU.Build.0 = Release|Any CPU
		{0622F004-9151-4B1D-BB4F-76674EC3B4AE}.Debug|Any CPU.ActiveCfg = Debug|Any CPU
		{0622F004-9151-4B1D-BB4F-76674EC3B4AE}.Debug|Any CPU.Build.0 = Debug|Any CPU
		{0622F004-9151-4B1D-BB4F-76674EC3B4AE}.Release|Any CPU.ActiveCfg = Release|Any CPU
		{0622F004-9151-4B1D-BB4F-76674EC3B4AE}.Release|Any CPU.Build.0 = Release|Any CPU
	EndGlobalSection
	GlobalSection(SolutionProperties) = preSolution
		HideSolutionNode = FALSE
	EndGlobalSection
	GlobalSection(ExtensibilityGlobals) = postSolution
		SolutionGuid = {D3FED980-7343-47C3-A8B7-06005BBA076D}
	EndGlobalSection
EndGlobal
